
Microsoft Visual Studio Solution File, Format Version 12.00
# Visual Studio 2012
Project("{FAE04EC0-301F-11D3-BF4B-00C04F79EFBC}") = "DotNetAutoInstallerTestWinApp", "DotNetAutoInstallerTestWinApp\DotNetAutoInstallerTestWinApp.csproj", "{8985E623-6FF2-4241-8130-918C7C4E233D}"
EndProject
Global
	GlobalSection(SolutionConfigurationPlatforms) = preSolution
		Debug|Any CPU = Debug|Any CPU
		Release|Any CPU = Release|Any CPU
	EndGlobalSection
	GlobalSection(ProjectConfigurationPlatforms) = postSolution
		{8985E623-6FF2-4241-8130-918C7C4E233D}.Debug|Any CPU.ActiveCfg = Debug|Any CPU
		{8985E623-6FF2-4241-8130-918C7C4E233D}.Debug|Any CPU.Build.0 = Debug|Any CPU
		{8985E623-6FF2-4241-8130-918C7C4E233D}.Release|Any CPU.ActiveCfg = Release|Any CPU
		{8985E623-6FF2-4241-8130-918C7C4E233D}.Release|Any CPU.Build.0 = Release|Any CPU
	EndGlobalSection
	GlobalSection(SolutionProperties) = preSolution
		HideSolutionNode = FALSE
	EndGlobalSection
EndGlobal
